// !$*UTF8*$!
{
	archiveVersion = 1;
	classes = {
	};
	objectVersion = 50;
	objects = {

/* Begin PBXBuildFile section */
		5128BC4E25C0D43B00372271 /* AppDelegate.swift in Sources */ = {isa = PBXBuildFile; fileRef = 5128BC4D25C0D43B00372271 /* AppDelegate.swift */; };
		5128BC5025C0D43B00372271 /* ContentView.swift in Sources */ = {isa = PBXBuildFile; fileRef = 5128BC4F25C0D43B00372271 /* ContentView.swift */; };
		5128BC5225C0D43B00372271 /* Experience.rcproject in Sources */ = {isa = PBXBuildFile; fileRef = 5128BC5125C0D43B00372271 /* Experience.rcproject */; };
		5128BC5425C0D43D00372271 /* Assets.xcassets in Resources */ = {isa = PBXBuildFile; fileRef = 5128BC5325C0D43D00372271 /* Assets.xcassets */; };
		5128BC5725C0D43D00372271 /* Preview Assets.xcassets in Resources */ = {isa = PBXBuildFile; fileRef = 5128BC5625C0D43D00372271 /* Preview Assets.xcassets */; };
		5128BC6525C0D56A00372271 /* flower_tulip.usdz in Resources */ = {isa = PBXBuildFile; fileRef = 5128BC6425C0D56A00372271 /* flower_tulip.usdz */; };
		5128BC6825C0D57500372271 /* fender_stratocaster.usdz in Resources */ = {isa = PBXBuildFile; fileRef = 5128BC6725C0D57500372271 /* fender_stratocaster.usdz */; };
		5128BC6B25C0D57D00372271 /* teapot.usdz in Resources */ = {isa = PBXBuildFile; fileRef = 5128BC6A25C0D57D00372271 /* teapot.usdz */; };
		5128BC8625C0F59400372271 /* Model.swift in Sources */ = {isa = PBXBuildFile; fileRef = 5128BC8525C0F59400372271 /* Model.swift */; };
		5128BC9425C1158300372271 /* Human_Skull_Replica.usdz in Resources */ = {isa = PBXBuildFile; fileRef = 5128BC8C25C1156200372271 /* Human_Skull_Replica.usdz */; };
		5128BC9525C1158300372271 /* The_Thinker_by_Auguste_Rodin.usdz in Resources */ = {isa = PBXBuildFile; fileRef = 5128BC8D25C1156400372271 /* The_Thinker_by_Auguste_Rodin.usdz */; };
		5128BC9625C1158300372271 /* Gourd.usdz in Resources */ = {isa = PBXBuildFile; fileRef = 5128BC8E25C1156900372271 /* Gourd.usdz */; };
		5128BC9725C1158300372271 /* Chambered_Nautilus.usdz in Resources */ = {isa = PBXBuildFile; fileRef = 5128BC8F25C1156F00372271 /* Chambered_Nautilus.usdz */; };
		5128BC9825C1158300372271 /* Barred_Owl_Skull.usdz in Resources */ = {isa = PBXBuildFile; fileRef = 5128BC9025C1157400372271 /* Barred_Owl_Skull.usdz */; };
		5128BC9925C1158300372271 /* Gull_Skull.usdz in Resources */ = {isa = PBXBuildFile; fileRef = 5128BC9125C1157A00372271 /* Gull_Skull.usdz */; };
		5128BC9A25C1158300372271 /* Pyrite.usdz in Resources */ = {isa = PBXBuildFile; fileRef = 5128BC9225C1158000372271 /* Pyrite.usdz */; };
		5128BC9B25C1158300372271 /* Belted_Kingfisher.usdz in Resources */ = {isa = PBXBuildFile; fileRef = 5128BC9325C1158300372271 /* Belted_Kingfisher.usdz */; };
		5128BD4225C24A1000372271 /* StackingView.swift in Sources */ = {isa = PBXBuildFile; fileRef = 5128BD4125C24A1000372271 /* StackingView.swift */; };
/* End PBXBuildFile section */

/* Begin PBXFileReference section */
		5128BC4A25C0D43B00372271 /* ModelApp.app */ = {isa = PBXFileReference; explicitFileType = wrapper.application; includeInIndex = 0; path = ModelApp.app; sourceTree = BUILT_PRODUCTS_DIR; };
		5128BC4D25C0D43B00372271 /* AppDelegate.swift */ = {isa = PBXFileReference; lastKnownFileType = sourcecode.swift; path = AppDelegate.swift; sourceTree = "<group>"; };
		5128BC4F25C0D43B00372271 /* ContentView.swift */ = {isa = PBXFileReference; lastKnownFileType = sourcecode.swift; path = ContentView.swift; sourceTree = "<group>"; };
		5128BC5125C0D43B00372271 /* Experience.rcproject */ = {isa = PBXFileReference; lastKnownFileType = file.rcproject; path = Experience.rcproject; sourceTree = "<group>"; };
		5128BC5325C0D43D00372271 /* Assets.xcassets */ = {isa = PBXFileReference; lastKnownFileType = folder.assetcatalog; path = Assets.xcassets; sourceTree = "<group>"; };
		5128BC5625C0D43D00372271 /* Preview Assets.xcassets */ = {isa = PBXFileReference; lastKnownFileType = folder.assetcatalog; path = "Preview Assets.xcassets"; sourceTree = "<group>"; };
		5128BC5825C0D43D00372271 /* Info.plist */ = {isa = PBXFileReference; lastKnownFileType = text.plist.xml; path = Info.plist; sourceTree = "<group>"; };
		5128BC6425C0D56A00372271 /* flower_tulip.usdz */ = {isa = PBXFileReference; lastKnownFileType = file.usdz; path = flower_tulip.usdz; sourceTree = "<group>"; };
		5128BC6725C0D57500372271 /* fender_stratocaster.usdz */ = {isa = PBXFileReference; lastKnownFileType = file.usdz; path = fender_stratocaster.usdz; sourceTree = "<group>"; };
		5128BC6A25C0D57D00372271 /* teapot.usdz */ = {isa = PBXFileReference; lastKnownFileType = file.usdz; path = teapot.usdz; sourceTree = "<group>"; };
		5128BC8525C0F59400372271 /* Model.swift */ = {isa = PBXFileReference; lastKnownFileType = sourcecode.swift; path = Model.swift; sourceTree = "<group>"; };
		5128BC8C25C1156200372271 /* Human_Skull_Replica.usdz */ = {isa = PBXFileReference; lastKnownFileType = file.usdz; path = Human_Skull_Replica.usdz; sourceTree = "<group>"; };
		5128BC8D25C1156400372271 /* The_Thinker_by_Auguste_Rodin.usdz */ = {isa = PBXFileReference; lastKnownFileType = file.usdz; path = The_Thinker_by_Auguste_Rodin.usdz; sourceTree = "<group>"; };
		5128BC8E25C1156900372271 /* Gourd.usdz */ = {isa = PBXFileReference; lastKnownFileType = file.usdz; path = Gourd.usdz; sourceTree = "<group>"; };
		5128BC8F25C1156F00372271 /* Chambered_Nautilus.usdz */ = {isa = PBXFileReference; lastKnownFileType = file.usdz; path = Chambered_Nautilus.usdz; sourceTree = "<group>"; };
		5128BC9025C1157400372271 /* Barred_Owl_Skull.usdz */ = {isa = PBXFileReference; lastKnownFileType = file.usdz; path = Barred_Owl_Skull.usdz; sourceTree = "<group>"; };
		5128BC9125C1157A00372271 /* Gull_Skull.usdz */ = {isa = PBXFileReference; lastKnownFileType = file.usdz; path = Gull_Skull.usdz; sourceTree = "<group>"; };
		5128BC9225C1158000372271 /* Pyrite.usdz */ = {isa = PBXFileReference; lastKnownFileType = file.usdz; path = Pyrite.usdz; sourceTree = "<group>"; };
		5128BC9325C1158300372271 /* Belted_Kingfisher.usdz */ = {isa = PBXFileReference; lastKnownFileType = file.usdz; path = Belted_Kingfisher.usdz; sourceTree = "<group>"; };
		5128BD4125C24A1000372271 /* StackingView.swift */ = {isa = PBXFileReference; lastKnownFileType = sourcecode.swift; path = StackingView.swift; sourceTree = "<group>"; };
/* End PBXFileReference section */

/* Begin PBXFrameworksBuildPhase section */
		5128BC4725C0D43B00372271 /* Frameworks */ = {
			isa = PBXFrameworksBuildPhase;
			buildActionMask = 2147483647;
			files = (
			);
			runOnlyForDeploymentPostprocessing = 0;
		};
/* End PBXFrameworksBuildPhase section */

/* Begin PBXGroup section */
		5128BC4125C0D43B00372271 = {
			isa = PBXGroup;
			children = (
				5128BC4C25C0D43B00372271 /* ModelApp */,
				5128BC4B25C0D43B00372271 /* Products */,
			);
			sourceTree = "<group>";
		};
		5128BC4B25C0D43B00372271 /* Products */ = {
			isa = PBXGroup;
			children = (
				5128BC4A25C0D43B00372271 /* ModelApp.app */,
			);
			name = Products;
			sourceTree = "<group>";
		};
		5128BC4C25C0D43B00372271 /* ModelApp */ = {
			isa = PBXGroup;
			children = (
				5128BD3B25C2442900372271 /* Views */,
				5128BC5F25C0D53200372271 /* Models */,
				5128BC4D25C0D43B00372271 /* AppDelegate.swift */,
				5128BC4F25C0D43B00372271 /* ContentView.swift */,
				5128BD4125C24A1000372271 /* StackingView.swift */,
				5128BC8525C0F59400372271 /* Model.swift */,
				5128BC5125C0D43B00372271 /* Experience.rcproject */,
				5128BC5325C0D43D00372271 /* Assets.xcassets */,
				5128BC5825C0D43D00372271 /* Info.plist */,
				5128BC5525C0D43D00372271 /* Preview Content */,
			);
			path = ModelApp;
			sourceTree = "<group>";
		};
		5128BC5525C0D43D00372271 /* Preview Content */ = {
			isa = PBXGroup;
			children = (
				5128BC5625C0D43D00372271 /* Preview Assets.xcassets */,
			);
			path = "Preview Content";
			sourceTree = "<group>";
		};
		5128BC5F25C0D53200372271 /* Models */ = {
			isa = PBXGroup;
			children = (
				5128BC9025C1157400372271 /* Barred_Owl_Skull.usdz */,
				5128BC9325C1158300372271 /* Belted_Kingfisher.usdz */,
				5128BC8F25C1156F00372271 /* Chambered_Nautilus.usdz */,
				5128BC8E25C1156900372271 /* Gourd.usdz */,
				5128BC9125C1157A00372271 /* Gull_Skull.usdz */,
				5128BC8C25C1156200372271 /* Human_Skull_Replica.usdz */,
				5128BC9225C1158000372271 /* Pyrite.usdz */,
				5128BC8D25C1156400372271 /* The_Thinker_by_Auguste_Rodin.usdz */,
				5128BC6A25C0D57D00372271 /* teapot.usdz */,
				5128BC6725C0D57500372271 /* fender_stratocaster.usdz */,
				5128BC6425C0D56A00372271 /* flower_tulip.usdz */,
			);
			path = Models;
			sourceTree = "<group>";
		};
		5128BD3B25C2442900372271 /* Views */ = {
			isa = PBXGroup;
			children = (
			);
			path = Views;
			sourceTree = "<group>";
		};
/* End PBXGroup section */

/* Begin PBXNativeTarget section */
		5128BC4925C0D43B00372271 /* ModelApp */ = {
			isa = PBXNativeTarget;
			buildConfigurationList = 5128BC5B25C0D43D00372271 /* Build configuration list for PBXNativeTarget "ModelApp" */;
			buildPhases = (
				5128BC4625C0D43B00372271 /* Sources */,
				5128BC4725C0D43B00372271 /* Frameworks */,
				5128BC4825C0D43B00372271 /* Resources */,
			);
			buildRules = (
			);
			dependencies = (
			);
			name = ModelApp;
			packageProductDependencies = (
			);
			productName = ModelApp;
			productReference = 5128BC4A25C0D43B00372271 /* ModelApp.app */;
			productType = "com.apple.product-type.application";
		};
/* End PBXNativeTarget section */

/* Begin PBXProject section */
		5128BC4225C0D43B00372271 /* Project object */ = {
			isa = PBXProject;
			attributes = {
				LastSwiftUpdateCheck = 1230;
				LastUpgradeCheck = 1230;
				TargetAttributes = {
					5128BC4925C0D43B00372271 = {
						CreatedOnToolsVersion = 12.3;
					};
				};
			};
			buildConfigurationList = 5128BC4525C0D43B00372271 /* Build configuration list for PBXProject "Altarfy" */;
			compatibilityVersion = "Xcode 9.3";
			developmentRegion = en;
			hasScannedForEncodings = 0;
			knownRegions = (
				en,
				Base,
			);
			mainGroup = 5128BC4125C0D43B00372271;
			packageReferences = (
			);
			productRefGroup = 5128BC4B25C0D43B00372271 /* Products */;
			projectDirPath = "";
			projectRoot = "";
			targets = (
				5128BC4925C0D43B00372271 /* ModelApp */,
			);
		};
/* End PBXProject section */

/* Begin PBXResourcesBuildPhase section */
		5128BC4825C0D43B00372271 /* Resources */ = {
			isa = PBXResourcesBuildPhase;
			buildActionMask = 2147483647;
			files = (
				5128BC5725C0D43D00372271 /* Preview Assets.xcassets in Resources */,
				5128BC9A25C1158300372271 /* Pyrite.usdz in Resources */,
				5128BC9625C1158300372271 /* Gourd.usdz in Resources */,
				5128BC9B25C1158300372271 /* Belted_Kingfisher.usdz in Resources */,
				5128BC6825C0D57500372271 /* fender_stratocaster.usdz in Resources */,
				5128BC6B25C0D57D00372271 /* teapot.usdz in Resources */,
				5128BC5425C0D43D00372271 /* Assets.xcassets in Resources */,
				5128BC9425C1158300372271 /* Human_Skull_Replica.usdz in Resources */,
				5128BC9925C1158300372271 /* Gull_Skull.usdz in Resources */,
				5128BC9525C1158300372271 /* The_Thinker_by_Auguste_Rodin.usdz in Resources */,
				5128BC9725C1158300372271 /* Chambered_Nautilus.usdz in Resources */,
				5128BC9825C1158300372271 /* Barred_Owl_Skull.usdz in Resources */,
				5128BC6525C0D56A00372271 /* flower_tulip.usdz in Resources */,
			);
			runOnlyForDeploymentPostprocessing = 0;
		};
/* End PBXResourcesBuildPhase section */

/* Begin PBXSourcesBuildPhase section */
		5128BC4625C0D43B00372271 /* Sources */ = {
			isa = PBXSourcesBuildPhase;
			buildActionMask = 2147483647;
			files = (
				5128BC5025C0D43B00372271 /* ContentView.swift in Sources */,
				5128BC4E25C0D43B00372271 /* AppDelegate.swift in Sources */,
				5128BC5225C0D43B00372271 /* Experience.rcproject in Sources */,
				5128BC8625C0F59400372271 /* Model.swift in Sources */,
				5128BD4225C24A1000372271 /* StackingView.swift in Sources */,
			);
			runOnlyForDeploymentPostprocessing = 0;
		};
/* End PBXSourcesBuildPhase section */

/* Begin XCBuildConfiguration section */
		5128BC5925C0D43D00372271 /* Debug */ = {
			isa = XCBuildConfiguration;
			buildSettings = {
				ALWAYS_SEARCH_USER_PATHS = NO;
				CLANG_ANALYZER_NONNULL = YES;
				CLANG_ANALYZER_NUMBER_OBJECT_CONVERSION = YES_AGGRESSIVE;
				CLANG_CXX_LANGUAGE_STANDARD = "gnu++14";
				CLANG_CXX_LIBRARY = "libc++";
				CLANG_ENABLE_MODULES = YES;
				CLANG_ENABLE_OBJC_ARC = YES;
				CLANG_ENABLE_OBJC_WEAK = YES;
				CLANG_WARN_BLOCK_CAPTURE_AUTORELEASING = YES;
				CLANG_WARN_BOOL_CONVERSION = YES;
				CLANG_WARN_COMMA = YES;
				CLANG_WARN_CONSTANT_CONVERSION = YES;
				CLANG_WARN_DEPRECATED_OBJC_IMPLEMENTATIONS = YES;
				CLANG_WARN_DIRECT_OBJC_ISA_USAGE = YES_ERROR;
				CLANG_WARN_DOCUMENTATION_COMMENTS = YES;
				CLANG_WARN_EMPTY_BODY = YES;
				CLANG_WARN_ENUM_CONVERSION = YES;
				CLANG_WARN_INFINITE_RECURSION = YES;
				CLANG_WARN_INT_CONVERSION = YES;
				CLANG_WARN_NON_LITERAL_NULL_CONVERSION = YES;
				CLANG_WARN_OBJC_IMPLICIT_RETAIN_SELF = YES;
				CLANG_WARN_OBJC_LITERAL_CONVERSION = YES;
				CLANG_WARN_OBJC_ROOT_CLASS = YES_ERROR;
				CLANG_WARN_QUOTED_INCLUDE_IN_FRAMEWORK_HEADER = YES;
				CLANG_WARN_RANGE_LOOP_ANALYSIS = YES;
				CLANG_WARN_STRICT_PROTOTYPES = YES;
				CLANG_WARN_SUSPICIOUS_MOVE = YES;
				CLANG_WARN_UNGUARDED_AVAILABILITY = YES_AGGRESSIVE;
				CLANG_WARN_UNREACHABLE_CODE = YES;
				CLANG_WARN__DUPLICATE_METHOD_MATCH = YES;
				COPY_PHASE_STRIP = NO;
				DEBUG_INFORMATION_FORMAT = dwarf;
				ENABLE_STRICT_OBJC_MSGSEND = YES;
				ENABLE_TESTABILITY = YES;
				GCC_C_LANGUAGE_STANDARD = gnu11;
				GCC_DYNAMIC_NO_PIC = NO;
				GCC_NO_COMMON_BLOCKS = YES;
				GCC_OPTIMIZATION_LEVEL = 0;
				GCC_PREPROCESSOR_DEFINITIONS = (
					"DEBUG=1",
					"$(inherited)",
				);
				GCC_WARN_64_TO_32_BIT_CONVERSION = YES;
				GCC_WARN_ABOUT_RETURN_TYPE = YES_ERROR;
				GCC_WARN_UNDECLARED_SELECTOR = YES;
				GCC_WARN_UNINITIALIZED_AUTOS = YES_AGGRESSIVE;
				GCC_WARN_UNUSED_FUNCTION = YES;
				GCC_WARN_UNUSED_VARIABLE = YES;
				IPHONEOS_DEPLOYMENT_TARGET = 14.3;
				MTL_ENABLE_DEBUG_INFO = INCLUDE_SOURCE;
				MTL_FAST_MATH = YES;
				ONLY_ACTIVE_ARCH = YES;
				SDKROOT = iphoneos;
				SWIFT_ACTIVE_COMPILATION_CONDITIONS = DEBUG;
				SWIFT_OPTIMIZATION_LEVEL = "-Onone";
			};
			name = Debug;
		};
		5128BC5A25C0D43D00372271 /* Release */ = {
			isa = XCBuildConfiguration;
			buildSettings = {
				ALWAYS_SEARCH_USER_PATHS = NO;
				CLANG_ANALYZER_NONNULL = YES;
				CLANG_ANALYZER_NUMBER_OBJECT_CONVERSION = YES_AGGRESSIVE;
				CLANG_CXX_LANGUAGE_STANDARD = "gnu++14";
				CLANG_CXX_LIBRARY = "libc++";
				CLANG_ENABLE_MODULES = YES;
				CLANG_ENABLE_OBJC_ARC = YES;
				CLANG_ENABLE_OBJC_WEAK = YES;
				CLANG_WARN_BLOCK_CAPTURE_AUTORELEASING = YES;
				CLANG_WARN_BOOL_CONVERSION = YES;
				CLANG_WARN_COMMA = YES;
				CLANG_WARN_CONSTANT_CONVERSION = YES;
				CLANG_WARN_DEPRECATED_OBJC_IMPLEMENTATIONS = YES;
				CLANG_WARN_DIRECT_OBJC_ISA_USAGE = YES_ERROR;
				CLANG_WARN_DOCUMENTATION_COMMENTS = YES;
				CLANG_WARN_EMPTY_BODY = YES;
				CLANG_WARN_ENUM_CONVERSION = YES;
				CLANG_WARN_INFINITE_RECURSION = YES;
				CLANG_WARN_INT_CONVERSION = YES;
				CLANG_WARN_NON_LITERAL_NULL_CONVERSION = YES;
				CLANG_WARN_OBJC_IMPLICIT_RETAIN_SELF = YES;
				CLANG_WARN_OBJC_LITERAL_CONVERSION = YES;
				CLANG_WARN_OBJC_ROOT_CLASS = YES_ERROR;
				CLANG_WARN_QUOTED_INCLUDE_IN_FRAMEWORK_HEADER = YES;
				CLANG_WARN_RANGE_LOOP_ANALYSIS = YES;
				CLANG_WARN_STRICT_PROTOTYPES = YES;
				CLANG_WARN_SUSPICIOUS_MOVE = YES;
				CLANG_WARN_UNGUARDED_AVAILABILITY = YES_AGGRESSIVE;
				CLANG_WARN_UNREACHABLE_CODE = YES;
				CLANG_WARN__DUPLICATE_METHOD_MATCH = YES;
				COPY_PHASE_STRIP = NO;
				DEBUG_INFORMATION_FORMAT = "dwarf-with-dsym";
				ENABLE_NS_ASSERTIONS = NO;
				ENABLE_STRICT_OBJC_MSGSEND = YES;
				GCC_C_LANGUAGE_STANDARD = gnu11;
				GCC_NO_COMMON_BLOCKS = YES;
				GCC_WARN_64_TO_32_BIT_CONVERSION = YES;
				GCC_WARN_ABOUT_RETURN_TYPE = YES_ERROR;
				GCC_WARN_UNDECLARED_SELECTOR = YES;
				GCC_WARN_UNINITIALIZED_AUTOS = YES_AGGRESSIVE;
				GCC_WARN_UNUSED_FUNCTION = YES;
				GCC_WARN_UNUSED_VARIABLE = YES;
				IPHONEOS_DEPLOYMENT_TARGET = 14.3;
				MTL_ENABLE_DEBUG_INFO = NO;
				MTL_FAST_MATH = YES;
				SDKROOT = iphoneos;
				SWIFT_COMPILATION_MODE = wholemodule;
				SWIFT_OPTIMIZATION_LEVEL = "-O";
				VALIDATE_PRODUCT = YES;
			};
			name = Release;
		};
		5128BC5C25C0D43D00372271 /* Debug */ = {
			isa = XCBuildConfiguration;
			buildSettings = {
				ASSETCATALOG_COMPILER_APPICON_NAME = AppIcon;
				ASSETCATALOG_COMPILER_GLOBAL_ACCENT_COLOR_NAME = AccentColor;
				CODE_SIGN_IDENTITY = "Apple Development";
				CODE_SIGN_STYLE = Automatic;
				DEVELOPMENT_ASSET_PATHS = "\"ModelApp/Preview Content\"";
				DEVELOPMENT_TEAM = 2L4P2G8T27;
				ENABLE_PREVIEWS = YES;
				INFOPLIST_FILE = ModelApp/Info.plist;
				LD_RUNPATH_SEARCH_PATHS = (
					"$(inherited)",
					"@executable_path/Frameworks",
				);
				PRODUCT_BUNDLE_IDENTIFIER = com.sophieemessing.SimpleGame;
				PRODUCT_NAME = "$(TARGET_NAME)";
				PROVISIONING_PROFILE_SPECIFIER = "";
				SWIFT_VERSION = 5.0;
				TARGETED_DEVICE_FAMILY = "1,2";
			};
			name = Debug;
		};
		5128BC5D25C0D43D00372271 /* Release */ = {
			isa = XCBuildConfiguration;
			buildSettings = {
				ASSETCATALOG_COMPILER_APPICON_NAME = AppIcon;
				ASSETCATALOG_COMPILER_GLOBAL_ACCENT_COLOR_NAME = AccentColor;
				CODE_SIGN_IDENTITY = "Apple Development";
				CODE_SIGN_STYLE = Automatic;
				DEVELOPMENT_ASSET_PATHS = "\"ModelApp/Preview Content\"";
				DEVELOPMENT_TEAM = 2L4P2G8T27;
				ENABLE_PREVIEWS = YES;
				INFOPLIST_FILE = ModelApp/Info.plist;
				LD_RUNPATH_SEARCH_PATHS = (
					"$(inherited)",
					"@executable_path/Frameworks",
				);
				PRODUCT_BUNDLE_IDENTIFIER = com.sophieemessing.SimpleGame;
				PRODUCT_NAME = "$(TARGET_NAME)";
				PROVISIONING_PROFILE_SPECIFIER = "";
				SWIFT_VERSION = 5.0;
				TARGETED_DEVICE_FAMILY = "1,2";
			};
			name = Release;
		};
/* End XCBuildConfiguration section */

/* Begin XCConfigurationList section */
		5128BC4525C0D43B00372271 /* Build configuration list for PBXProject "Altarfy" */ = {
			isa = XCConfigurationList;
			buildConfigurations = (
				5128BC5925C0D43D00372271 /* Debug */,
				5128BC5A25C0D43D00372271 /* Release */,
			);
			defaultConfigurationIsVisible = 0;
			defaultConfigurationName = Release;
		};
		5128BC5B25C0D43D00372271 /* Build configuration list for PBXNativeTarget "ModelApp" */ = {
			isa = XCConfigurationList;
			buildConfigurations = (
				5128BC5C25C0D43D00372271 /* Debug */,
				5128BC5D25C0D43D00372271 /* Release */,
			);
			defaultConfigurationIsVisible = 0;
			defaultConfigurationName = Release;
		};
/* End XCConfigurationList section */
	};
	rootObject = 5128BC4225C0D43B00372271 /* Project object */;
}
